
Microsoft Visual Studio Solution File, Format Version 12.00
# Visual Studio 14
VisualStudioVersion = 14.0.25420.1
MinimumVisualStudioVersion = 10.0.40219.1
Project("{FAE04EC0-301F-11D3-BF4B-00C04F79EFBC}") = "StudentMS", "StudentMS\StudentMS.csproj", "{97E7DECB-DA11-46BB-B9CE-7BE742849BAF}"
EndProject
Project("{FAE04EC0-301F-11D3-BF4B-00C04F79EFBC}") = "DateAccess", "DateAccess\DateAccess.csproj", "{771A6360-349A-4C5C-A033-0B7D9F7AA2BB}"
EndProject
Project("{FAE04EC0-301F-11D3-BF4B-00C04F79EFBC}") = "IStudentDA", "IStudentDA\IStudentDA.csproj", "{24ACAE87-DB8A-45EC-ADDB-67617F19F53C}"
EndProject
Global
	GlobalSection(SolutionConfigurationPlatforms) = preSolution
		Debug|Any CPU = Debug|Any CPU
		Release|Any CPU = Release|Any CPU
	EndGlobalSection
	GlobalSection(ProjectConfigurationPlatforms) = postSolution
		{97E7DECB-DA11-46BB-B9CE-7BE742849BAF}.Debug|Any CPU.ActiveCfg = Debug|Any CPU
		{97E7DECB-DA11-46BB-B9CE-7BE742849BAF}.Debug|Any CPU.Build.0 = Debug|Any CPU
		{97E7DECB-DA11-46BB-B9CE-7BE742849BAF}.Release|Any CPU.ActiveCfg = Release|Any CPU
		{97E7DECB-DA11-46BB-B9CE-7BE742849BAF}.Release|Any CPU.Build.0 = Release|Any CPU
		{771A6360-349A-4C5C-A033-0B7D9F7AA2BB}.Debug|Any CPU.ActiveCfg = Debug|Any CPU
		{771A6360-349A-4C5C-A033-0B7D9F7AA2BB}.Debug|Any CPU.Build.0 = Debug|Any CPU
		{771A6360-349A-4C5C-A033-0B7D9F7AA2BB}.Release|Any CPU.ActiveCfg = Release|Any CPU
		{771A6360-349A-4C5C-A033-0B7D9F7AA2BB}.Release|Any CPU.Build.0 = Release|Any CPU
		{24ACAE87-DB8A-45EC-ADDB-67617F19F53C}.Debug|Any CPU.ActiveCfg = Debug|Any CPU
		{24ACAE87-DB8A-45EC-ADDB-67617F19F53C}.Debug|Any CPU.Build.0 = Debug|Any CPU
		{24ACAE87-DB8A-45EC-ADDB-67617F19F53C}.Release|Any CPU.ActiveCfg = Release|Any CPU
		{24ACAE87-DB8A-45EC-ADDB-67617F19F53C}.Release|Any CPU.Build.0 = Release|Any CPU
	EndGlobalSection
	GlobalSection(SolutionProperties) = preSolution
		HideSolutionNode = FALSE
	EndGlobalSection
EndGlobal
